
Microsoft Visual Studio Solution File, Format Version 11.00
# Visual Studio 2015
Project("{8BC9CEB8-8B4A-11D0-8D11-00A0C91BC942}") = "Popstar", "Popstar\Popstar.vcxproj", "{79AAE0A9-439B-4D4B-BBC7-CBA2EC73A319}"
EndProject
Global
	GlobalSection(SolutionConfigurationPlatforms) = preSolution
		Debug|Win32 = Debug|Win32
		Release|Win32 = Release|Win32
	EndGlobalSection
	GlobalSection(ProjectConfigurationPlatforms) = postSolution
		{79AAE0A9-439B-4D4B-BBC7-CBA2EC73A319}.Debug|Win32.ActiveCfg = Debug|Win32
		{79AAE0A9-439B-4D4B-BBC7-CBA2EC73A319}.Debug|Win32.Build.0 = Debug|Win32
		{79AAE0A9-439B-4D4B-BBC7-CBA2EC73A319}.Release|Win32.ActiveCfg = Release|Win32
		{79AAE0A9-439B-4D4B-BBC7-CBA2EC73A319}.Release|Win32.Build.0 = Release|Win32
	EndGlobalSection
	GlobalSection(SolutionProperties) = preSolution
		HideSolutionNode = FALSE
	EndGlobalSection
EndGlobal
